{
  "requires": true,
  "lockfileVersion": 1,
  "dependencies": {
    "vue-full-screen-file-drop": {
      "version": "1.0.0",
      "resolved": "https://registry.npmjs.org/vue-full-screen-file-drop/-/vue-full-screen-file-drop-1.0.0.tgz",
      "integrity": "sha512-rlrg1NMqvZs4W7NWL8G3zcGJV4ftpAyOmxiDqLTc41Mhz9++0iBMnr1cyH9PU3BsTJPrzAKXr/9hcwc/9m0AuA=="
    }
  }
}
